
Microsoft Visual Studio Solution File, Format Version 12.00
# Visual Studio Version 17
VisualStudioVersion = 17.11.35327.3
MinimumVisualStudioVersion = 10.0.40219.1
Project("{9A19103F-16F7-4668-BE54-9A1E7A4F7556}") = "AsciiArt", "AsciiArt\AsciiArt.csproj", "{03CC5F55-3970-47C5-A2A0-5DE1DCD3882C}"
EndProject
Project("{9A19103F-16F7-4668-BE54-9A1E7A4F7556}") = "AsciiArt.Core", "AsciiArt.Core\AsciiArt.Core.csproj", "{190EFDAD-AC20-4617-87B6-1FF24BE32F40}"
EndProject
Global
	GlobalSection(SolutionConfigurationPlatforms) = preSolution
		Debug|Any CPU = Debug|Any CPU
		Debug|arm64 = Debug|arm64
		Debug|x64 = Debug|x64
		Debug|x86 = Debug|x86
		Release|Any CPU = Release|Any CPU
		Release|arm64 = Release|arm64
		Release|x64 = Release|x64
		Release|x86 = Release|x86
	EndGlobalSection
	GlobalSection(ProjectConfigurationPlatforms) = postSolution
		{03CC5F55-3970-47C5-A2A0-5DE1DCD3882C}.Debug|Any CPU.ActiveCfg = Debug|x64
		{03CC5F55-3970-47C5-A2A0-5DE1DCD3882C}.Debug|Any CPU.Build.0 = Debug|x64
		{03CC5F55-3970-47C5-A2A0-5DE1DCD3882C}.Debug|Any CPU.Deploy.0 = Debug|x64
		{03CC5F55-3970-47C5-A2A0-5DE1DCD3882C}.Debug|arm64.ActiveCfg = Debug|arm64
		{03CC5F55-3970-47C5-A2A0-5DE1DCD3882C}.Debug|arm64.Build.0 = Debug|arm64
		{03CC5F55-3970-47C5-A2A0-5DE1DCD3882C}.Debug|arm64.Deploy.0 = Debug|arm64
		{03CC5F55-3970-47C5-A2A0-5DE1DCD3882C}.Debug|x64.ActiveCfg = Debug|x64
		{03CC5F55-3970-47C5-A2A0-5DE1DCD3882C}.Debug|x64.Build.0 = Debug|x64
		{03CC5F55-3970-47C5-A2A0-5DE1DCD3882C}.Debug|x64.Deploy.0 = Debug|x64
		{03CC5F55-3970-47C5-A2A0-5DE1DCD3882C}.Debug|x86.ActiveCfg = Debug|x86
		{03CC5F55-3970-47C5-A2A0-5DE1DCD3882C}.Debug|x86.Build.0 = Debug|x86
		{03CC5F55-3970-47C5-A2A0-5DE1DCD3882C}.Debug|x86.Deploy.0 = Debug|x86
		{03CC5F55-3970-47C5-A2A0-5DE1DCD3882C}.Release|Any CPU.ActiveCfg = Release|x64
		{03CC5F55-3970-47C5-A2A0-5DE1DCD3882C}.Release|Any CPU.Build.0 = Release|x64
		{03CC5F55-3970-47C5-A2A0-5DE1DCD3882C}.Release|Any CPU.Deploy.0 = Release|x64
		{03CC5F55-3970-47C5-A2A0-5DE1DCD3882C}.Release|arm64.ActiveCfg = Release|arm64
		{03CC5F55-3970-47C5-A2A0-5DE1DCD3882C}.Release|arm64.Build.0 = Release|arm64
		{03CC5F55-3970-47C5-A2A0-5DE1DCD3882C}.Release|arm64.Deploy.0 = Release|arm64
		{03CC5F55-3970-47C5-A2A0-5DE1DCD3882C}.Release|x64.ActiveCfg = Release|x64
		{03CC5F55-3970-47C5-A2A0-5DE1DCD3882C}.Release|x64.Build.0 = Release|x64
		{03CC5F55-3970-47C5-A2A0-5DE1DCD3882C}.Release|x64.Deploy.0 = Release|x64
		{03CC5F55-3970-47C5-A2A0-5DE1DCD3882C}.Release|x86.ActiveCfg = Release|x86
		{03CC5F55-3970-47C5-A2A0-5DE1DCD3882C}.Release|x86.Build.0 = Release|x86
		{03CC5F55-3970-47C5-A2A0-5DE1DCD3882C}.Release|x86.Deploy.0 = Release|x86
		{190EFDAD-AC20-4617-87B6-1FF24BE32F40}.Debug|Any CPU.ActiveCfg = Debug|Any CPU
		{190EFDAD-AC20-4617-87B6-1FF24BE32F40}.Debug|Any CPU.Build.0 = Debug|Any CPU
		{190EFDAD-AC20-4617-87B6-1FF24BE32F40}.Debug|arm64.ActiveCfg = Debug|arm64
		{190EFDAD-AC20-4617-87B6-1FF24BE32F40}.Debug|arm64.Build.0 = Debug|arm64
		{190EFDAD-AC20-4617-87B6-1FF24BE32F40}.Debug|x64.ActiveCfg = Debug|x64
		{190EFDAD-AC20-4617-87B6-1FF24BE32F40}.Debug|x64.Build.0 = Debug|x64
		{190EFDAD-AC20-4617-87B6-1FF24BE32F40}.Debug|x86.ActiveCfg = Debug|x86
		{190EFDAD-AC20-4617-87B6-1FF24BE32F40}.Debug|x86.Build.0 = Debug|x86
		{190EFDAD-AC20-4617-87B6-1FF24BE32F40}.Release|Any CPU.ActiveCfg = Release|Any CPU
		{190EFDAD-AC20-4617-87B6-1FF24BE32F40}.Release|Any CPU.Build.0 = Release|Any CPU
		{190EFDAD-AC20-4617-87B6-1FF24BE32F40}.Release|arm64.ActiveCfg = Release|arm64
		{190EFDAD-AC20-4617-87B6-1FF24BE32F40}.Release|arm64.Build.0 = Release|arm64
		{190EFDAD-AC20-4617-87B6-1FF24BE32F40}.Release|x64.ActiveCfg = Release|x64
		{190EFDAD-AC20-4617-87B6-1FF24BE32F40}.Release|x64.Build.0 = Release|x64
		{190EFDAD-AC20-4617-87B6-1FF24BE32F40}.Release|x86.ActiveCfg = Release|x86
		{190EFDAD-AC20-4617-87B6-1FF24BE32F40}.Release|x86.Build.0 = Release|x86
	EndGlobalSection
	GlobalSection(SolutionProperties) = preSolution
		HideSolutionNode = FALSE
	EndGlobalSection
	GlobalSection(ExtensibilityGlobals) = postSolution
		SolutionGuid = {E2AF43D6-1AD1-4479-B151-ADD8F2E02ACB}
	EndGlobalSection
EndGlobal
